// !$*UTF8*$!
{
	archiveVersion = 1;
	classes = {
	};
	objectVersion = 48;
	objects = {

/* Begin PBXBuildFile section */
		222EEC6A219828C800FB15C6 /* MapCoverViewController.swift in Sources */ = {isa = PBXBuildFile; fileRef = 222EEC69219828C800FB15C6 /* MapCoverViewController.swift */; };
		222EEC6C2198364D00FB15C6 /* PlaceInfoViewController.swift in Sources */ = {isa = PBXBuildFile; fileRef = 222EEC6B2198364D00FB15C6 /* PlaceInfoViewController.swift */; };
		222EEC6E2199BFE500FB15C6 /* CourseDetailViewController.swift in Sources */ = {isa = PBXBuildFile; fileRef = 222EEC6D2199BFE500FB15C6 /* CourseDetailViewController.swift */; };
		22F3025D2195515F00152700 /* MainMapViewController.swift in Sources */ = {isa = PBXBuildFile; fileRef = 22F3025C2195515F00152700 /* MainMapViewController.swift */; };
		22F3025F2195518B00152700 /* MainMapCollectionViewCell.swift in Sources */ = {isa = PBXBuildFile; fileRef = 22F3025E2195518B00152700 /* MainMapCollectionViewCell.swift */; };
		3B3A85CE2198836B00D1A835 /* MypageMainVO.swift in Sources */ = {isa = PBXBuildFile; fileRef = 3B3A85CD2198836B00D1A835 /* MypageMainVO.swift */; };
		3B6697B121949DBA008789E3 /* WriteEntryTVCell.swift in Sources */ = {isa = PBXBuildFile; fileRef = 3B6697B021949DBA008789E3 /* WriteEntryTVCell.swift */; };
		3B6697B721959405008789E3 /* WriteArticleReviewVC.swift in Sources */ = {isa = PBXBuildFile; fileRef = 3B6697B621959405008789E3 /* WriteArticleReviewVC.swift */; };
		3B6697B92195A266008789E3 /* WriteArticleCVCell.swift in Sources */ = {isa = PBXBuildFile; fileRef = 3B6697B82195A266008789E3 /* WriteArticleCVCell.swift */; };
		3B6697BF21980410008789E3 /* MypageMainService.swift in Sources */ = {isa = PBXBuildFile; fileRef = 3B6697BE21980410008789E3 /* MypageMainService.swift */; };
		3B6697C521980BB2008789E3 /* MypageReviewVO.swift in Sources */ = {isa = PBXBuildFile; fileRef = 3B6697C421980BB2008789E3 /* MypageReviewVO.swift */; };
		3B6697C721980BE6008789E3 /* MypageReviewService.swift in Sources */ = {isa = PBXBuildFile; fileRef = 3B6697C621980BE6008789E3 /* MypageReviewService.swift */; };
		3B6697D5219825D0008789E3 /* PostImageService.swift in Sources */ = {isa = PBXBuildFile; fileRef = 3B6697D4219825D0008789E3 /* PostImageService.swift */; };
		3B6697D7219825DB008789E3 /* PostArticleService.swift in Sources */ = {isa = PBXBuildFile; fileRef = 3B6697D6219825DB008789E3 /* PostArticleService.swift */; };
		3B6697D92198275F008789E3 /* PostImageVO.swift in Sources */ = {isa = PBXBuildFile; fileRef = 3B6697D82198275F008789E3 /* PostImageVO.swift */; };
		3B6697DC21985C5D008789E3 /* WritePhotoReviewVC.swift in Sources */ = {isa = PBXBuildFile; fileRef = 3B6697DB21985C5D008789E3 /* WritePhotoReviewVC.swift */; };
		3B79937D2199CFD100DBF5B2 /* WritePhotoReviewService.swift in Sources */ = {isa = PBXBuildFile; fileRef = 3B79937C2199CFD100DBF5B2 /* WritePhotoReviewService.swift */; };
		3B79937F2199D09700DBF5B2 /* DefaultVO.swift in Sources */ = {isa = PBXBuildFile; fileRef = 3B79937E2199D09700DBF5B2 /* DefaultVO.swift */; };
		3B7993832199E65800DBF5B2 /* GetPhotoReviewService.swift in Sources */ = {isa = PBXBuildFile; fileRef = 3B7993822199E65800DBF5B2 /* GetPhotoReviewService.swift */; };
		3B7993862199E6B400DBF5B2 /* PhotoReviewVO.swift in Sources */ = {isa = PBXBuildFile; fileRef = 3B7993852199E6B400DBF5B2 /* PhotoReviewVO.swift */; };
		3B79938A219A9EDF00DBF5B2 /* GetReviewMainService.swift in Sources */ = {isa = PBXBuildFile; fileRef = 3B799389219A9EDF00DBF5B2 /* GetReviewMainService.swift */; };
		3B79938D219A9EEA00DBF5B2 /* ReviewMainVO.swift in Sources */ = {isa = PBXBuildFile; fileRef = 3B79938C219A9EEA00DBF5B2 /* ReviewMainVO.swift */; };
		3B800572218B1F160003EA5C /* PhotoReviewVC.swift in Sources */ = {isa = PBXBuildFile; fileRef = 3B800571218B1F160003EA5C /* PhotoReviewVC.swift */; };
		3B80057C218B1FFA0003EA5C /* ReviewDetailVC.swift in Sources */ = {isa = PBXBuildFile; fileRef = 3B80057B218B1FFA0003EA5C /* ReviewDetailVC.swift */; };
		3B80057E218B206E0003EA5C /* ArticleReviewVC.swift in Sources */ = {isa = PBXBuildFile; fileRef = 3B80057D218B206E0003EA5C /* ArticleReviewVC.swift */; };
		3B800580218B213F0003EA5C /* PhotoReviewCVCell.swift in Sources */ = {isa = PBXBuildFile; fileRef = 3B80057F218B213F0003EA5C /* PhotoReviewCVCell.swift */; };
		3B800582218B21560003EA5C /* PhotoReviewCVCell.xib in Resources */ = {isa = PBXBuildFile; fileRef = 3B800581218B21560003EA5C /* PhotoReviewCVCell.xib */; };
		3B800584218B26D50003EA5C /* RoundShadowView.swift in Sources */ = {isa = PBXBuildFile; fileRef = 3B800583218B26D50003EA5C /* RoundShadowView.swift */; };
		3B800588218B2AC40003EA5C /* ReviewDetailHeaderView.swift in Sources */ = {isa = PBXBuildFile; fileRef = 3B800587218B2AC40003EA5C /* ReviewDetailHeaderView.swift */; };
		3B80058A218B2D9E0003EA5C /* ReviewDetailHeaderView.xib in Resources */ = {isa = PBXBuildFile; fileRef = 3B800589218B2D9E0003EA5C /* ReviewDetailHeaderView.xib */; };
		3B80058F218B54F10003EA5C /* ReviewMainVC.swift in Sources */ = {isa = PBXBuildFile; fileRef = 3B80058E218B54F10003EA5C /* ReviewMainVC.swift */; };
		3B800591218B55790003EA5C /* ArticleReviewCVCell.swift in Sources */ = {isa = PBXBuildFile; fileRef = 3B800590218B55790003EA5C /* ArticleReviewCVCell.swift */; };
		3B800593218B56BC0003EA5C /* ArticleReviewCVCell.xib in Resources */ = {isa = PBXBuildFile; fileRef = 3B800592218B56BC0003EA5C /* ArticleReviewCVCell.xib */; };
		3B800595218B73650003EA5C /* ReviewMainCVCell.swift in Sources */ = {isa = PBXBuildFile; fileRef = 3B800594218B73650003EA5C /* ReviewMainCVCell.swift */; };
		3B800598218B81080003EA5C /* PhotoReviewPopupView.swift in Sources */ = {isa = PBXBuildFile; fileRef = 3B800597218B81080003EA5C /* PhotoReviewPopupView.swift */; };
		3B80059A218B81340003EA5C /* PhotoReviewPopupView.xib in Resources */ = {isa = PBXBuildFile; fileRef = 3B800599218B81340003EA5C /* PhotoReviewPopupView.xib */; };
		3B8364EE219425FB000BD706 /* WriteEntryVC.swift in Sources */ = {isa = PBXBuildFile; fileRef = 3B8364ED219425FB000BD706 /* WriteEntryVC.swift */; };
		3B8364F2219461EE000BD706 /* ReviewContentVC.swift in Sources */ = {isa = PBXBuildFile; fileRef = 3B8364F1219461EE000BD706 /* ReviewContentVC.swift */; };
		3B8364F421946279000BD706 /* ReviewContentTVCell.swift in Sources */ = {isa = PBXBuildFile; fileRef = 3B8364F321946279000BD706 /* ReviewContentTVCell.swift */; };
		3B8364F7219490BF000BD706 /* ReviewContentCVCell.swift in Sources */ = {isa = PBXBuildFile; fileRef = 3B8364F6219490BF000BD706 /* ReviewContentCVCell.swift */; };
		3B872CB72180902700498F97 /* MypageVC.swift in Sources */ = {isa = PBXBuildFile; fileRef = 3B872CB62180902700498F97 /* MypageVC.swift */; };
		3B872CBA2180905000498F97 /* MyPageTVCell.swift in Sources */ = {isa = PBXBuildFile; fileRef = 3B872CB92180905000498F97 /* MyPageTVCell.swift */; };
		3B872CBC2180943D00498F97 /* CustomView.swift in Sources */ = {isa = PBXBuildFile; fileRef = 3B872CBB2180943D00498F97 /* CustomView.swift */; };
		3B872CC121809A5500498F97 /* MyCourseVC.swift in Sources */ = {isa = PBXBuildFile; fileRef = 3B872CC021809A5500498F97 /* MyCourseVC.swift */; };
		3B872CC421809C1700498F97 /* MyCourseTVCell.swift in Sources */ = {isa = PBXBuildFile; fileRef = 3B872CC321809C1700498F97 /* MyCourseTVCell.swift */; };
		3B872CCE2180B10A00498F97 /* MyReviewVC.swift in Sources */ = {isa = PBXBuildFile; fileRef = 3B872CCD2180B10A00498F97 /* MyReviewVC.swift */; };
		3B872CD02180B12100498F97 /* MyReviewTVCell.swift in Sources */ = {isa = PBXBuildFile; fileRef = 3B872CCF2180B12100498F97 /* MyReviewTVCell.swift */; };
		3B872CD52180B40900498F97 /* MyDPPointTVCell.swift in Sources */ = {isa = PBXBuildFile; fileRef = 3B872CD42180B40900498F97 /* MyDPPointTVCell.swift */; };
		3B872CD72180B41800498F97 /* MyDPPointVC.swift in Sources */ = {isa = PBXBuildFile; fileRef = 3B872CD62180B41800498F97 /* MyDPPointVC.swift */; };
		3BA7ED352198933B00BAC493 /* Gallery.swift in Sources */ = {isa = PBXBuildFile; fileRef = 3BA7ED342198933B00BAC493 /* Gallery.swift */; };
		3BA7ED392198AC2E00BAC493 /* ArticleStruct.swift in Sources */ = {isa = PBXBuildFile; fileRef = 3BA7ED382198AC2E00BAC493 /* ArticleStruct.swift */; };
		3BB05000217CA6540096BF4D /* Extensions.swift in Sources */ = {isa = PBXBuildFile; fileRef = 3BB04FFF217CA6540096BF4D /* Extensions.swift */; };
		3BB05002217CA65D0096BF4D /* GettableService.swift in Sources */ = {isa = PBXBuildFile; fileRef = 3BB05001217CA65D0096BF4D /* GettableService.swift */; };
		3BB05004217CA6650096BF4D /* PostableService.swift in Sources */ = {isa = PBXBuildFile; fileRef = 3BB05003217CA6650096BF4D /* PostableService.swift */; };
		3BB05006217CA66F0096BF4D /* PostableWithPhoto.swift in Sources */ = {isa = PBXBuildFile; fileRef = 3BB05005217CA66F0096BF4D /* PostableWithPhoto.swift */; };
		3BB05009217CA9D20096BF4D /* ColorChip.swift in Sources */ = {isa = PBXBuildFile; fileRef = 3BB05008217CA9D20096BF4D /* ColorChip.swift */; };
		3BB0500B217CAA410096BF4D /* Storyboard.swift in Sources */ = {isa = PBXBuildFile; fileRef = 3BB0500A217CAA410096BF4D /* Storyboard.swift */; };
		3BB0500D217CAA890096BF4D /* NetworkConfiguration.swift in Sources */ = {isa = PBXBuildFile; fileRef = 3BB0500C217CAA890096BF4D /* NetworkConfiguration.swift */; };
		3BB0500F217CAAFC0096BF4D /* APIService.swift in Sources */ = {isa = PBXBuildFile; fileRef = 3BB0500E217CAAFC0096BF4D /* APIService.swift */; };
		3BB05011217CAC910096BF4D /* HttpResCode.swift in Sources */ = {isa = PBXBuildFile; fileRef = 3BB05010217CAC910096BF4D /* HttpResCode.swift */; };
		3BB05014217CAD6C0096BF4D /* Font.swift in Sources */ = {isa = PBXBuildFile; fileRef = 3BB05013217CAD6C0096BF4D /* Font.swift */; };
		3BB05016217CADE80096BF4D /* GetSampleService.swift in Sources */ = {isa = PBXBuildFile; fileRef = 3BB05015217CADE80096BF4D /* GetSampleService.swift */; };
		3BB05018217CADEF0096BF4D /* PostSampleService.swift in Sources */ = {isa = PBXBuildFile; fileRef = 3BB05017217CADEF0096BF4D /* PostSampleService.swift */; };
		3BB0501A217CADFA0096BF4D /* PhotoSampleService.swift in Sources */ = {isa = PBXBuildFile; fileRef = 3BB05019217CADFA0096BF4D /* PhotoSampleService.swift */; };
		3BB0501C217CAE1E0096BF4D /* SampleVO.swift in Sources */ = {isa = PBXBuildFile; fileRef = 3BB0501B217CAE1E0096BF4D /* SampleVO.swift */; };
		3BD63A052180B873007F5972 /* MyPostVC.swift in Sources */ = {isa = PBXBuildFile; fileRef = 3BD63A042180B873007F5972 /* MyPostVC.swift */; };
		3BD63A072180B88B007F5972 /* MyPostCVCell.swift in Sources */ = {isa = PBXBuildFile; fileRef = 3BD63A062180B88B007F5972 /* MyPostCVCell.swift */; };
		3BD63A202185E308007F5972 /* MainCVCell.swift in Sources */ = {isa = PBXBuildFile; fileRef = 3BD63A1F2185E308007F5972 /* MainCVCell.swift */; };
		893E8C9EAF51BF82E1979921 /* Pods_DMZing.framework in Frameworks */ = {isa = PBXBuildFile; fileRef = 03429F00E6D01CE48BFFF5D1 /* Pods_DMZing.framework */; };
		CC31AC5C217C8D3200A02388 /* AppDelegate.swift in Sources */ = {isa = PBXBuildFile; fileRef = CC31AC5B217C8D3200A02388 /* AppDelegate.swift */; };
		CC31AC5E217C8D3200A02388 /* MainViewController.swift in Sources */ = {isa = PBXBuildFile; fileRef = CC31AC5D217C8D3200A02388 /* MainViewController.swift */; };
		CC31AC61217C8D3200A02388 /* Main.storyboard in Resources */ = {isa = PBXBuildFile; fileRef = CC31AC5F217C8D3200A02388 /* Main.storyboard */; };
		CC31AC63217C8D3600A02388 /* Assets.xcassets in Resources */ = {isa = PBXBuildFile; fileRef = CC31AC62217C8D3600A02388 /* Assets.xcassets */; };
		CC31AC66217C8D3600A02388 /* LaunchScreen.storyboard in Resources */ = {isa = PBXBuildFile; fileRef = CC31AC64217C8D3600A02388 /* LaunchScreen.storyboard */; };
		CC31AC72217C929000A02388 /* Course.storyboard in Resources */ = {isa = PBXBuildFile; fileRef = CC31AC71217C929000A02388 /* Course.storyboard */; };
		CC31AC74217C92AF00A02388 /* Community.storyboard in Resources */ = {isa = PBXBuildFile; fileRef = CC31AC73217C92AF00A02388 /* Community.storyboard */; };
		CC31AC76217C92BD00A02388 /* Mypage.storyboard in Resources */ = {isa = PBXBuildFile; fileRef = CC31AC75217C92BD00A02388 /* Mypage.storyboard */; };
		CC3D43BC2185A9F8003171C0 /* ThemeCollectionViewCell.swift in Sources */ = {isa = PBXBuildFile; fileRef = CC3D43BB2185A9F8003171C0 /* ThemeCollectionViewCell.swift */; };
		CCB3CC9C218AF97A0033B9F9 /* Sign.storyboard in Resources */ = {isa = PBXBuildFile; fileRef = CCB3CC9B218AF97A0033B9F9 /* Sign.storyboard */; };
		CCB3CC9E218AF9D40033B9F9 /* SignInViewController.swift in Sources */ = {isa = PBXBuildFile; fileRef = CCB3CC9D218AF9D40033B9F9 /* SignInViewController.swift */; };
		CCB3CCA0218B01430033B9F9 /* SignUp1ViewController.swift in Sources */ = {isa = PBXBuildFile; fileRef = CCB3CC9F218B01430033B9F9 /* SignUp1ViewController.swift */; };
		CCB3CCA2218B035B0033B9F9 /* SignUp2ViewController.swift in Sources */ = {isa = PBXBuildFile; fileRef = CCB3CCA1218B035B0033B9F9 /* SignUp2ViewController.swift */; };
		CCB3CCA4218B041B0033B9F9 /* SignUp3ViewController.swift in Sources */ = {isa = PBXBuildFile; fileRef = CCB3CCA3218B041B0033B9F9 /* SignUp3ViewController.swift */; };
		CCB3CCA6218B061A0033B9F9 /* InitialViewController.swift in Sources */ = {isa = PBXBuildFile; fileRef = CCB3CCA5218B061A0033B9F9 /* InitialViewController.swift */; };
/* End PBXBuildFile section */

/* Begin PBXFileReference section */
		03429F00E6D01CE48BFFF5D1 /* Pods_DMZing.framework */ = {isa = PBXFileReference; explicitFileType = wrapper.framework; includeInIndex = 0; path = Pods_DMZing.framework; sourceTree = BUILT_PRODUCTS_DIR; };
		222EEC69219828C800FB15C6 /* MapCoverViewController.swift */ = {isa = PBXFileReference; lastKnownFileType = sourcecode.swift; path = MapCoverViewController.swift; sourceTree = "<group>"; };
		222EEC6B2198364D00FB15C6 /* PlaceInfoViewController.swift */ = {isa = PBXFileReference; lastKnownFileType = sourcecode.swift; path = PlaceInfoViewController.swift; sourceTree = "<group>"; };
		222EEC6D2199BFE500FB15C6 /* CourseDetailViewController.swift */ = {isa = PBXFileReference; lastKnownFileType = sourcecode.swift; path = CourseDetailViewController.swift; sourceTree = "<group>"; };
		22F3025C2195515F00152700 /* MainMapViewController.swift */ = {isa = PBXFileReference; lastKnownFileType = sourcecode.swift; path = MainMapViewController.swift; sourceTree = "<group>"; };
		22F3025E2195518B00152700 /* MainMapCollectionViewCell.swift */ = {isa = PBXFileReference; lastKnownFileType = sourcecode.swift; path = MainMapCollectionViewCell.swift; sourceTree = "<group>"; };
		31A78C13C32CCDE3112EE612 /* Pods-DMZing.release.xcconfig */ = {isa = PBXFileReference; includeInIndex = 1; lastKnownFileType = text.xcconfig; name = "Pods-DMZing.release.xcconfig"; path = "Target Support Files/Pods-DMZing/Pods-DMZing.release.xcconfig"; sourceTree = "<group>"; };
		3B3A85CD2198836B00D1A835 /* MypageMainVO.swift */ = {isa = PBXFileReference; lastKnownFileType = sourcecode.swift; path = MypageMainVO.swift; sourceTree = "<group>"; };
		3B6697B021949DBA008789E3 /* WriteEntryTVCell.swift */ = {isa = PBXFileReference; lastKnownFileType = sourcecode.swift; path = WriteEntryTVCell.swift; sourceTree = "<group>"; };
		3B6697B621959405008789E3 /* WriteArticleReviewVC.swift */ = {isa = PBXFileReference; lastKnownFileType = sourcecode.swift; path = WriteArticleReviewVC.swift; sourceTree = "<group>"; };
		3B6697B82195A266008789E3 /* WriteArticleCVCell.swift */ = {isa = PBXFileReference; lastKnownFileType = sourcecode.swift; path = WriteArticleCVCell.swift; sourceTree = "<group>"; };
		3B6697BE21980410008789E3 /* MypageMainService.swift */ = {isa = PBXFileReference; lastKnownFileType = sourcecode.swift; path = MypageMainService.swift; sourceTree = "<group>"; };
		3B6697C421980BB2008789E3 /* MypageReviewVO.swift */ = {isa = PBXFileReference; lastKnownFileType = sourcecode.swift; path = MypageReviewVO.swift; sourceTree = "<group>"; };
		3B6697C621980BE6008789E3 /* MypageReviewService.swift */ = {isa = PBXFileReference; lastKnownFileType = sourcecode.swift; path = MypageReviewService.swift; sourceTree = "<group>"; };
		3B6697D4219825D0008789E3 /* PostImageService.swift */ = {isa = PBXFileReference; lastKnownFileType = sourcecode.swift; path = PostImageService.swift; sourceTree = "<group>"; };
		3B6697D6219825DB008789E3 /* PostArticleService.swift */ = {isa = PBXFileReference; lastKnownFileType = sourcecode.swift; path = PostArticleService.swift; sourceTree = "<group>"; };
		3B6697D82198275F008789E3 /* PostImageVO.swift */ = {isa = PBXFileReference; lastKnownFileType = sourcecode.swift; path = PostImageVO.swift; sourceTree = "<group>"; };
		3B6697DB21985C5D008789E3 /* WritePhotoReviewVC.swift */ = {isa = PBXFileReference; lastKnownFileType = sourcecode.swift; path = WritePhotoReviewVC.swift; sourceTree = "<group>"; };
		3B79937C2199CFD100DBF5B2 /* WritePhotoReviewService.swift */ = {isa = PBXFileReference; lastKnownFileType = sourcecode.swift; path = WritePhotoReviewService.swift; sourceTree = "<group>"; };
		3B79937E2199D09700DBF5B2 /* DefaultVO.swift */ = {isa = PBXFileReference; lastKnownFileType = sourcecode.swift; path = DefaultVO.swift; sourceTree = "<group>"; };
		3B7993822199E65800DBF5B2 /* GetPhotoReviewService.swift */ = {isa = PBXFileReference; lastKnownFileType = sourcecode.swift; path = GetPhotoReviewService.swift; sourceTree = "<group>"; };
		3B7993852199E6B400DBF5B2 /* PhotoReviewVO.swift */ = {isa = PBXFileReference; lastKnownFileType = sourcecode.swift; path = PhotoReviewVO.swift; sourceTree = "<group>"; };
		3B799389219A9EDF00DBF5B2 /* GetReviewMainService.swift */ = {isa = PBXFileReference; lastKnownFileType = sourcecode.swift; path = GetReviewMainService.swift; sourceTree = "<group>"; };
		3B79938C219A9EEA00DBF5B2 /* ReviewMainVO.swift */ = {isa = PBXFileReference; lastKnownFileType = sourcecode.swift; path = ReviewMainVO.swift; sourceTree = "<group>"; };
		3B800571218B1F160003EA5C /* PhotoReviewVC.swift */ = {isa = PBXFileReference; lastKnownFileType = sourcecode.swift; path = PhotoReviewVC.swift; sourceTree = "<group>"; };
		3B80057B218B1FFA0003EA5C /* ReviewDetailVC.swift */ = {isa = PBXFileReference; lastKnownFileType = sourcecode.swift; path = ReviewDetailVC.swift; sourceTree = "<group>"; };
		3B80057D218B206E0003EA5C /* ArticleReviewVC.swift */ = {isa = PBXFileReference; lastKnownFileType = sourcecode.swift; path = ArticleReviewVC.swift; sourceTree = "<group>"; };
		3B80057F218B213F0003EA5C /* PhotoReviewCVCell.swift */ = {isa = PBXFileReference; lastKnownFileType = sourcecode.swift; path = PhotoReviewCVCell.swift; sourceTree = "<group>"; };
		3B800581218B21560003EA5C /* PhotoReviewCVCell.xib */ = {isa = PBXFileReference; lastKnownFileType = file.xib; path = PhotoReviewCVCell.xib; sourceTree = "<group>"; };
		3B800583218B26D50003EA5C /* RoundShadowView.swift */ = {isa = PBXFileReference; lastKnownFileType = sourcecode.swift; path = RoundShadowView.swift; sourceTree = "<group>"; };
		3B800587218B2AC40003EA5C /* ReviewDetailHeaderView.swift */ = {isa = PBXFileReference; lastKnownFileType = sourcecode.swift; path = ReviewDetailHeaderView.swift; sourceTree = "<group>"; };
		3B800589218B2D9E0003EA5C /* ReviewDetailHeaderView.xib */ = {isa = PBXFileReference; lastKnownFileType = file.xib; path = ReviewDetailHeaderView.xib; sourceTree = "<group>"; };
		3B80058E218B54F10003EA5C /* ReviewMainVC.swift */ = {isa = PBXFileReference; lastKnownFileType = sourcecode.swift; path = ReviewMainVC.swift; sourceTree = "<group>"; };
		3B800590218B55790003EA5C /* ArticleReviewCVCell.swift */ = {isa = PBXFileReference; lastKnownFileType = sourcecode.swift; path = ArticleReviewCVCell.swift; sourceTree = "<group>"; };
		3B800592218B56BC0003EA5C /* ArticleReviewCVCell.xib */ = {isa = PBXFileReference; lastKnownFileType = file.xib; path = ArticleReviewCVCell.xib; sourceTree = "<group>"; };
		3B800594218B73650003EA5C /* ReviewMainCVCell.swift */ = {isa = PBXFileReference; lastKnownFileType = sourcecode.swift; path = ReviewMainCVCell.swift; sourceTree = "<group>"; };
		3B800597218B81080003EA5C /* PhotoReviewPopupView.swift */ = {isa = PBXFileReference; lastKnownFileType = sourcecode.swift; path = PhotoReviewPopupView.swift; sourceTree = "<group>"; };
		3B800599218B81340003EA5C /* PhotoReviewPopupView.xib */ = {isa = PBXFileReference; lastKnownFileType = file.xib; path = PhotoReviewPopupView.xib; sourceTree = "<group>"; };
		3B8364ED219425FB000BD706 /* WriteEntryVC.swift */ = {isa = PBXFileReference; lastKnownFileType = sourcecode.swift; path = WriteEntryVC.swift; sourceTree = "<group>"; };
		3B8364F1219461EE000BD706 /* ReviewContentVC.swift */ = {isa = PBXFileReference; lastKnownFileType = sourcecode.swift; path = ReviewContentVC.swift; sourceTree = "<group>"; };
		3B8364F321946279000BD706 /* ReviewContentTVCell.swift */ = {isa = PBXFileReference; lastKnownFileType = sourcecode.swift; path = ReviewContentTVCell.swift; sourceTree = "<group>"; };
		3B8364F6219490BF000BD706 /* ReviewContentCVCell.swift */ = {isa = PBXFileReference; lastKnownFileType = sourcecode.swift; path = ReviewContentCVCell.swift; sourceTree = "<group>"; };
		3B872CB62180902700498F97 /* MypageVC.swift */ = {isa = PBXFileReference; lastKnownFileType = sourcecode.swift; path = MypageVC.swift; sourceTree = "<group>"; };
		3B872CB92180905000498F97 /* MyPageTVCell.swift */ = {isa = PBXFileReference; lastKnownFileType = sourcecode.swift; path = MyPageTVCell.swift; sourceTree = "<group>"; };
		3B872CBB2180943D00498F97 /* CustomView.swift */ = {isa = PBXFileReference; lastKnownFileType = sourcecode.swift; path = CustomView.swift; sourceTree = "<group>"; };
		3B872CC021809A5500498F97 /* MyCourseVC.swift */ = {isa = PBXFileReference; lastKnownFileType = sourcecode.swift; path = MyCourseVC.swift; sourceTree = "<group>"; };
		3B872CC321809C1700498F97 /* MyCourseTVCell.swift */ = {isa = PBXFileReference; lastKnownFileType = sourcecode.swift; path = MyCourseTVCell.swift; sourceTree = "<group>"; };
		3B872CCD2180B10A00498F97 /* MyReviewVC.swift */ = {isa = PBXFileReference; lastKnownFileType = sourcecode.swift; path = MyReviewVC.swift; sourceTree = "<group>"; };
		3B872CCF2180B12100498F97 /* MyReviewTVCell.swift */ = {isa = PBXFileReference; lastKnownFileType = sourcecode.swift; path = MyReviewTVCell.swift; sourceTree = "<group>"; };
		3B872CD42180B40900498F97 /* MyDPPointTVCell.swift */ = {isa = PBXFileReference; lastKnownFileType = sourcecode.swift; path = MyDPPointTVCell.swift; sourceTree = "<group>"; };
		3B872CD62180B41800498F97 /* MyDPPointVC.swift */ = {isa = PBXFileReference; lastKnownFileType = sourcecode.swift; path = MyDPPointVC.swift; sourceTree = "<group>"; };
		3BA7ED342198933B00BAC493 /* Gallery.swift */ = {isa = PBXFileReference; lastKnownFileType = sourcecode.swift; path = Gallery.swift; sourceTree = "<group>"; };
		3BA7ED382198AC2E00BAC493 /* ArticleStruct.swift */ = {isa = PBXFileReference; lastKnownFileType = sourcecode.swift; path = ArticleStruct.swift; sourceTree = "<group>"; };
		3BB04FFF217CA6540096BF4D /* Extensions.swift */ = {isa = PBXFileReference; lastKnownFileType = sourcecode.swift; path = Extensions.swift; sourceTree = "<group>"; };
		3BB05001217CA65D0096BF4D /* GettableService.swift */ = {isa = PBXFileReference; lastKnownFileType = sourcecode.swift; path = GettableService.swift; sourceTree = "<group>"; };
		3BB05003217CA6650096BF4D /* PostableService.swift */ = {isa = PBXFileReference; lastKnownFileType = sourcecode.swift; path = PostableService.swift; sourceTree = "<group>"; };
		3BB05005217CA66F0096BF4D /* PostableWithPhoto.swift */ = {isa = PBXFileReference; lastKnownFileType = sourcecode.swift; path = PostableWithPhoto.swift; sourceTree = "<group>"; };
		3BB05008217CA9D20096BF4D /* ColorChip.swift */ = {isa = PBXFileReference; lastKnownFileType = sourcecode.swift; path = ColorChip.swift; sourceTree = "<group>"; };
		3BB0500A217CAA410096BF4D /* Storyboard.swift */ = {isa = PBXFileReference; lastKnownFileType = sourcecode.swift; path = Storyboard.swift; sourceTree = "<group>"; };
		3BB0500C217CAA890096BF4D /* NetworkConfiguration.swift */ = {isa = PBXFileReference; lastKnownFileType = sourcecode.swift; path = NetworkConfiguration.swift; sourceTree = "<group>"; };
		3BB0500E217CAAFC0096BF4D /* APIService.swift */ = {isa = PBXFileReference; lastKnownFileType = sourcecode.swift; path = APIService.swift; sourceTree = "<group>"; };
		3BB05010217CAC910096BF4D /* HttpResCode.swift */ = {isa = PBXFileReference; lastKnownFileType = sourcecode.swift; path = HttpResCode.swift; sourceTree = "<group>"; };
		3BB05013217CAD6C0096BF4D /* Font.swift */ = {isa = PBXFileReference; lastKnownFileType = sourcecode.swift; path = Font.swift; sourceTree = "<group>"; };
		3BB05015217CADE80096BF4D /* GetSampleService.swift */ = {isa = PBXFileReference; lastKnownFileType = sourcecode.swift; path = GetSampleService.swift; sourceTree = "<group>"; };
		3BB05017217CADEF0096BF4D /* PostSampleService.swift */ = {isa = PBXFileReference; lastKnownFileType = sourcecode.swift; path = PostSampleService.swift; sourceTree = "<group>"; };
		3BB05019217CADFA0096BF4D /* PhotoSampleService.swift */ = {isa = PBXFileReference; lastKnownFileType = sourcecode.swift; path = PhotoSampleService.swift; sourceTree = "<group>"; };
		3BB0501B217CAE1E0096BF4D /* SampleVO.swift */ = {isa = PBXFileReference; lastKnownFileType = sourcecode.swift; path = SampleVO.swift; sourceTree = "<group>"; };
		3BD63A042180B873007F5972 /* MyPostVC.swift */ = {isa = PBXFileReference; lastKnownFileType = sourcecode.swift; path = MyPostVC.swift; sourceTree = "<group>"; };
		3BD63A062180B88B007F5972 /* MyPostCVCell.swift */ = {isa = PBXFileReference; lastKnownFileType = sourcecode.swift; path = MyPostCVCell.swift; sourceTree = "<group>"; };
		3BD63A1F2185E308007F5972 /* MainCVCell.swift */ = {isa = PBXFileReference; lastKnownFileType = sourcecode.swift; path = MainCVCell.swift; sourceTree = "<group>"; };
		BEE318596B099D3958535472 /* Pods-DMZing.release.xcconfig */ = {isa = PBXFileReference; includeInIndex = 1; lastKnownFileType = text.xcconfig; name = "Pods-DMZing.release.xcconfig"; path = "Pods/Target Support Files/Pods-DMZing/Pods-DMZing.release.xcconfig"; sourceTree = "<group>"; };
		CBAA91FB15653A30BF8D6E25 /* Pods-DMZing.debug.xcconfig */ = {isa = PBXFileReference; includeInIndex = 1; lastKnownFileType = text.xcconfig; name = "Pods-DMZing.debug.xcconfig"; path = "Pods/Target Support Files/Pods-DMZing/Pods-DMZing.debug.xcconfig"; sourceTree = "<group>"; };
		CC31AC58217C8D3200A02388 /* DMZing.app */ = {isa = PBXFileReference; explicitFileType = wrapper.application; includeInIndex = 0; path = DMZing.app; sourceTree = BUILT_PRODUCTS_DIR; };
		CC31AC5B217C8D3200A02388 /* AppDelegate.swift */ = {isa = PBXFileReference; lastKnownFileType = sourcecode.swift; path = AppDelegate.swift; sourceTree = "<group>"; };
		CC31AC5D217C8D3200A02388 /* MainViewController.swift */ = {isa = PBXFileReference; lastKnownFileType = sourcecode.swift; path = MainViewController.swift; sourceTree = "<group>"; };
		CC31AC60217C8D3200A02388 /* Base */ = {isa = PBXFileReference; lastKnownFileType = file.storyboard; name = Base; path = Base.lproj/Main.storyboard; sourceTree = "<group>"; };
		CC31AC62217C8D3600A02388 /* Assets.xcassets */ = {isa = PBXFileReference; lastKnownFileType = folder.assetcatalog; path = Assets.xcassets; sourceTree = "<group>"; };
		CC31AC65217C8D3600A02388 /* Base */ = {isa = PBXFileReference; lastKnownFileType = file.storyboard; name = Base; path = Base.lproj/LaunchScreen.storyboard; sourceTree = "<group>"; };
		CC31AC67217C8D3600A02388 /* Info.plist */ = {isa = PBXFileReference; lastKnownFileType = text.plist.xml; path = Info.plist; sourceTree = "<group>"; };
		CC31AC71217C929000A02388 /* Course.storyboard */ = {isa = PBXFileReference; lastKnownFileType = file.storyboard; path = Course.storyboard; sourceTree = "<group>"; };
		CC31AC73217C92AF00A02388 /* Community.storyboard */ = {isa = PBXFileReference; lastKnownFileType = file.storyboard; path = Community.storyboard; sourceTree = "<group>"; };
		CC31AC75217C92BD00A02388 /* Mypage.storyboard */ = {isa = PBXFileReference; lastKnownFileType = file.storyboard; path = Mypage.storyboard; sourceTree = "<group>"; };
		CC3D43BB2185A9F8003171C0 /* ThemeCollectionViewCell.swift */ = {isa = PBXFileReference; lastKnownFileType = sourcecode.swift; path = ThemeCollectionViewCell.swift; sourceTree = "<group>"; };
		CCB3CC9B218AF97A0033B9F9 /* Sign.storyboard */ = {isa = PBXFileReference; lastKnownFileType = file.storyboard; path = Sign.storyboard; sourceTree = "<group>"; };
		CCB3CC9D218AF9D40033B9F9 /* SignInViewController.swift */ = {isa = PBXFileReference; lastKnownFileType = sourcecode.swift; path = SignInViewController.swift; sourceTree = "<group>"; };
		CCB3CC9F218B01430033B9F9 /* SignUp1ViewController.swift */ = {isa = PBXFileReference; lastKnownFileType = sourcecode.swift; path = SignUp1ViewController.swift; sourceTree = "<group>"; };
		CCB3CCA1218B035B0033B9F9 /* SignUp2ViewController.swift */ = {isa = PBXFileReference; lastKnownFileType = sourcecode.swift; path = SignUp2ViewController.swift; sourceTree = "<group>"; };
		CCB3CCA3218B041B0033B9F9 /* SignUp3ViewController.swift */ = {isa = PBXFileReference; lastKnownFileType = sourcecode.swift; path = SignUp3ViewController.swift; sourceTree = "<group>"; };
		CCB3CCA5218B061A0033B9F9 /* InitialViewController.swift */ = {isa = PBXFileReference; lastKnownFileType = sourcecode.swift; path = InitialViewController.swift; sourceTree = "<group>"; };
		FA082A16820F4FD6F8F63662 /* Pods-DMZing.debug.xcconfig */ = {isa = PBXFileReference; includeInIndex = 1; lastKnownFileType = text.xcconfig; name = "Pods-DMZing.debug.xcconfig"; path = "Target Support Files/Pods-DMZing/Pods-DMZing.debug.xcconfig"; sourceTree = "<group>"; };
/* End PBXFileReference section */

/* Begin PBXFrameworksBuildPhase section */
		CC31AC55217C8D3200A02388 /* Frameworks */ = {
			isa = PBXFrameworksBuildPhase;
			buildActionMask = 2147483647;
			files = (
				893E8C9EAF51BF82E1979921 /* Pods_DMZing.framework in Frameworks */,
			);
			runOnlyForDeploymentPostprocessing = 0;
		};
/* End PBXFrameworksBuildPhase section */

/* Begin PBXGroup section */
		22F3025A2195512C00152700 /* ViewController */ = {
			isa = PBXGroup;
			children = (
				22F3025C2195515F00152700 /* MainMapViewController.swift */,
				22F3025E2195518B00152700 /* MainMapCollectionViewCell.swift */,
				222EEC69219828C800FB15C6 /* MapCoverViewController.swift */,
				222EEC6B2198364D00FB15C6 /* PlaceInfoViewController.swift */,
				222EEC6D2199BFE500FB15C6 /* CourseDetailViewController.swift */,
			);
			path = ViewController;
			sourceTree = "<group>";
		};
		22F3025B2195513B00152700 /* Storyboard */ = {
			isa = PBXGroup;
			children = (
				CC31AC71217C929000A02388 /* Course.storyboard */,
			);
			path = Storyboard;
			sourceTree = "<group>";
		};
		3B3A85CC2198836200D1A835 /* VO */ = {
			isa = PBXGroup;
			children = (
				3B3A85CD2198836B00D1A835 /* MypageMainVO.swift */,
			);
			path = VO;
			sourceTree = "<group>";
		};
		3B6697BD21980401008789E3 /* Service */ = {
			isa = PBXGroup;
			children = (
				3B6697BE21980410008789E3 /* MypageMainService.swift */,
			);
			path = Service;
			sourceTree = "<group>";
		};
		3B6697C221980BA0008789E3 /* VO */ = {
			isa = PBXGroup;
			children = (
				3B6697C421980BB2008789E3 /* MypageReviewVO.swift */,
			);
			path = VO;
			sourceTree = "<group>";
		};
		3B6697C321980BA2008789E3 /* Service */ = {
			isa = PBXGroup;
			children = (
				3B6697C621980BE6008789E3 /* MypageReviewService.swift */,
			);
			path = Service;
			sourceTree = "<group>";
		};
		3B6697C82198242D008789E3 /* WriteArticleReview */ = {
			isa = PBXGroup;
			children = (
				3B6697CF2198243E008789E3 /* VC */,
				3B6697D2219825AF008789E3 /* VO */,
				3B6697D3219825B5008789E3 /* Service */,
			);
			path = WriteArticleReview;
			sourceTree = "<group>";
		};
		3B6697C92198242F008789E3 /* ReviewMain */ = {
			isa = PBXGroup;
			children = (
				3B799388219A9ECD00DBF5B2 /* VO */,
				3B799387219A9ECB00DBF5B2 /* Service */,
				3B6697CE2198243D008789E3 /* VC */,
			);
			path = ReviewMain;
			sourceTree = "<group>";
		};
		3B6697CA21982434008789E3 /* ReviewDetail */ = {
			isa = PBXGroup;
			children = (
				3B7993812199E64D00DBF5B2 /* VO */,
				3B7993802199E64700DBF5B2 /* Service */,
				3B6697CD2198243B008789E3 /* VC */,
			);
			path = ReviewDetail;
			sourceTree = "<group>";
		};
		3B6697CB21982436008789E3 /* WriteEntry */ = {
			isa = PBXGroup;
			children = (
				3B6697CC2198243A008789E3 /* VC */,
			);
			path = WriteEntry;
			sourceTree = "<group>";
		};
		3B6697CC2198243A008789E3 /* VC */ = {
			isa = PBXGroup;
			children = (
				3B8364ED219425FB000BD706 /* WriteEntryVC.swift */,
				3B6697B021949DBA008789E3 /* WriteEntryTVCell.swift */,
			);
			path = VC;
			sourceTree = "<group>";
		};
		3B6697CD2198243B008789E3 /* VC */ = {
			isa = PBXGroup;
			children = (
				3B800583218B26D50003EA5C /* RoundShadowView.swift */,
				3B80057B218B1FFA0003EA5C /* ReviewDetailVC.swift */,
				3B800587218B2AC40003EA5C /* ReviewDetailHeaderView.swift */,
				3B800589218B2D9E0003EA5C /* ReviewDetailHeaderView.xib */,
				3B80058C218B360B0003EA5C /* Photo */,
				3B80058B218B360A0003EA5C /* Article */,
			);
			path = VC;
			sourceTree = "<group>";
		};
		3B6697CE2198243D008789E3 /* VC */ = {
			isa = PBXGroup;
			children = (
				3B80058E218B54F10003EA5C /* ReviewMainVC.swift */,
				3B800594218B73650003EA5C /* ReviewMainCVCell.swift */,
			);
			path = VC;
			sourceTree = "<group>";
		};
		3B6697CF2198243E008789E3 /* VC */ = {
			isa = PBXGroup;
			children = (
				3B6697B621959405008789E3 /* WriteArticleReviewVC.swift */,
				3B6697B82195A266008789E3 /* WriteArticleCVCell.swift */,
			);
			path = VC;
			sourceTree = "<group>";
		};
		3B6697D0219824BB008789E3 /* ReviewContent */ = {
			isa = PBXGroup;
			children = (
				3B6697D1219824CA008789E3 /* VC */,
			);
			path = ReviewContent;
			sourceTree = "<group>";
		};
		3B6697D1219824CA008789E3 /* VC */ = {
			isa = PBXGroup;
			children = (
				3B8364F1219461EE000BD706 /* ReviewContentVC.swift */,
				3B8364F321946279000BD706 /* ReviewContentTVCell.swift */,
				3B8364F6219490BF000BD706 /* ReviewContentCVCell.swift */,
			);
			path = VC;
			sourceTree = "<group>";
		};
		3B6697D2219825AF008789E3 /* VO */ = {
			isa = PBXGroup;
			children = (
				3B6697D82198275F008789E3 /* PostImageVO.swift */,
				3BA7ED382198AC2E00BAC493 /* ArticleStruct.swift */,
			);
			path = VO;
			sourceTree = "<group>";
		};
		3B6697D3219825B5008789E3 /* Service */ = {
			isa = PBXGroup;
			children = (
				3B6697D4219825D0008789E3 /* PostImageService.swift */,
				3B6697D6219825DB008789E3 /* PostArticleService.swift */,
			);
			path = Service;
			sourceTree = "<group>";
		};
		3B6697DA21985C44008789E3 /* WritePhotoReview */ = {
			isa = PBXGroup;
			children = (
				3B79937B2199CF7900DBF5B2 /* VO */,
				3B79937A2199CF7100DBF5B2 /* Service */,
				3B6697DB21985C5D008789E3 /* WritePhotoReviewVC.swift */,
			);
			path = WritePhotoReview;
			sourceTree = "<group>";
		};
		3B79937A2199CF7100DBF5B2 /* Service */ = {
			isa = PBXGroup;
			children = (
				3B79937C2199CFD100DBF5B2 /* WritePhotoReviewService.swift */,
			);
			path = Service;
			sourceTree = "<group>";
		};
		3B79937B2199CF7900DBF5B2 /* VO */ = {
			isa = PBXGroup;
			children = (
				3B79937E2199D09700DBF5B2 /* DefaultVO.swift */,
			);
			path = VO;
			sourceTree = "<group>";
		};
		3B7993802199E64700DBF5B2 /* Service */ = {
			isa = PBXGroup;
			children = (
				3B7993822199E65800DBF5B2 /* GetPhotoReviewService.swift */,
			);
			path = Service;
			sourceTree = "<group>";
		};
		3B7993812199E64D00DBF5B2 /* VO */ = {
			isa = PBXGroup;
			children = (
				3B7993852199E6B400DBF5B2 /* PhotoReviewVO.swift */,
			);
			path = VO;
			sourceTree = "<group>";
		};
		3B799387219A9ECB00DBF5B2 /* Service */ = {
			isa = PBXGroup;
			children = (
				3B799389219A9EDF00DBF5B2 /* GetReviewMainService.swift */,
			);
			path = Service;
			sourceTree = "<group>";
		};
		3B799388219A9ECD00DBF5B2 /* VO */ = {
			isa = PBXGroup;
			children = (
				3B79938C219A9EEA00DBF5B2 /* ReviewMainVO.swift */,
			);
			path = VO;
			sourceTree = "<group>";
		};
		3B80058B218B360A0003EA5C /* Article */ = {
			isa = PBXGroup;
			children = (
				3B80057D218B206E0003EA5C /* ArticleReviewVC.swift */,
				3B800590218B55790003EA5C /* ArticleReviewCVCell.swift */,
				3B800592218B56BC0003EA5C /* ArticleReviewCVCell.xib */,
			);
			path = Article;
			sourceTree = "<group>";
		};
		3B80058C218B360B0003EA5C /* Photo */ = {
			isa = PBXGroup;
			children = (
				3B800571218B1F160003EA5C /* PhotoReviewVC.swift */,
				3B80057F218B213F0003EA5C /* PhotoReviewCVCell.swift */,
				3B800581218B21560003EA5C /* PhotoReviewCVCell.xib */,
				3B800596218B80D00003EA5C /* Popup */,
			);
			path = Photo;
			sourceTree = "<group>";
		};
		3B800596218B80D00003EA5C /* Popup */ = {
			isa = PBXGroup;
			children = (
				3B800597218B81080003EA5C /* PhotoReviewPopupView.swift */,
				3B800599218B81340003EA5C /* PhotoReviewPopupView.xib */,
			);
			path = Popup;
			sourceTree = "<group>";
		};
		3B872CB52180901500498F97 /* VC */ = {
			isa = PBXGroup;
			children = (
				3B872CB62180902700498F97 /* MypageVC.swift */,
				3B872CB82180903300498F97 /* Cell */,
			);
			path = VC;
			sourceTree = "<group>";
		};
		3B872CB82180903300498F97 /* Cell */ = {
			isa = PBXGroup;
			children = (
				3B872CB92180905000498F97 /* MyPageTVCell.swift */,
			);
			path = Cell;
			sourceTree = "<group>";
		};
		3B872CBD21809A0B00498F97 /* Main */ = {
			isa = PBXGroup;
			children = (
				3B3A85CC2198836200D1A835 /* VO */,
				3B6697BD21980401008789E3 /* Service */,
				3B872CB52180901500498F97 /* VC */,
			);
			path = Main;
			sourceTree = "<group>";
		};
		3B872CBE21809A1000498F97 /* Course */ = {
			isa = PBXGroup;
			children = (
				3B872CBF21809A2C00498F97 /* VC */,
			);
			path = Course;
			sourceTree = "<group>";
		};
		3B872CBF21809A2C00498F97 /* VC */ = {
			isa = PBXGroup;
			children = (
				3B872CC021809A5500498F97 /* MyCourseVC.swift */,
				3B872CC221809BFA00498F97 /* Cell */,
			);
			path = VC;
			sourceTree = "<group>";
		};
		3B872CC221809BFA00498F97 /* Cell */ = {
			isa = PBXGroup;
			children = (
				3B872CC321809C1700498F97 /* MyCourseTVCell.swift */,
			);
			path = Cell;
			sourceTree = "<group>";
		};
		3B872CC92180B0DD00498F97 /* Review */ = {
			isa = PBXGroup;
			children = (
				3B6697C321980BA2008789E3 /* Service */,
				3B6697C221980BA0008789E3 /* VO */,
				3B872CCB2180B0E700498F97 /* VC */,
			);
			path = Review;
			sourceTree = "<group>";
		};
		3B872CCB2180B0E700498F97 /* VC */ = {
			isa = PBXGroup;
			children = (
				3B872CCD2180B10A00498F97 /* MyReviewVC.swift */,
				3B872CCC2180B0EB00498F97 /* Cell */,
			);
			path = VC;
			sourceTree = "<group>";
		};
		3B872CCC2180B0EB00498F97 /* Cell */ = {
			isa = PBXGroup;
			children = (
				3B872CCF2180B12100498F97 /* MyReviewTVCell.swift */,
			);
			path = Cell;
			sourceTree = "<group>";
		};
		3B872CD12180B3DF00498F97 /* DPPoint */ = {
			isa = PBXGroup;
			children = (
				3B872CD22180B3EB00498F97 /* VC */,
			);
			path = DPPoint;
			sourceTree = "<group>";
		};
		3B872CD22180B3EB00498F97 /* VC */ = {
			isa = PBXGroup;
			children = (
				3B872CD62180B41800498F97 /* MyDPPointVC.swift */,
				3B872CD32180B3ED00498F97 /* Cell */,
			);
			path = VC;
			sourceTree = "<group>";
		};
		3B872CD32180B3ED00498F97 /* Cell */ = {
			isa = PBXGroup;
			children = (
				3B872CD42180B40900498F97 /* MyDPPointTVCell.swift */,
			);
			path = Cell;
			sourceTree = "<group>";
		};
		3BB04FFE217CA63F0096BF4D /* Utility */ = {
			isa = PBXGroup;
			children = (
				3BB04FFF217CA6540096BF4D /* Extensions.swift */,
				3BB05001217CA65D0096BF4D /* GettableService.swift */,
				3BB05003217CA6650096BF4D /* PostableService.swift */,
				3BB05005217CA66F0096BF4D /* PostableWithPhoto.swift */,
				3BB0500E217CAAFC0096BF4D /* APIService.swift */,
				3BB05010217CAC910096BF4D /* HttpResCode.swift */,
				3BB05013217CAD6C0096BF4D /* Font.swift */,
				3BA7ED342198933B00BAC493 /* Gallery.swift */,
			);
			path = Utility;
			sourceTree = "<group>";
		};
		3BB05007217CA9C70096BF4D /* Singleton */ = {
			isa = PBXGroup;
			children = (
				3BB05008217CA9D20096BF4D /* ColorChip.swift */,
				3BB0500A217CAA410096BF4D /* Storyboard.swift */,
				3BB0500C217CAA890096BF4D /* NetworkConfiguration.swift */,
			);
			path = Singleton;
			sourceTree = "<group>";
		};
		3BB05012217CAD330096BF4D /* SampleService */ = {
			isa = PBXGroup;
			children = (
				3BB05015217CADE80096BF4D /* GetSampleService.swift */,
				3BB05017217CADEF0096BF4D /* PostSampleService.swift */,
				3BB05019217CADFA0096BF4D /* PhotoSampleService.swift */,
				3BB0501B217CAE1E0096BF4D /* SampleVO.swift */,
			);
			path = SampleService;
			sourceTree = "<group>";
		};
		3BD63A012180B850007F5972 /* Post */ = {
			isa = PBXGroup;
			children = (
				3BD63A022180B860007F5972 /* VC */,
			);
			path = Post;
			sourceTree = "<group>";
		};
		3BD63A022180B860007F5972 /* VC */ = {
			isa = PBXGroup;
			children = (
				3BD63A042180B873007F5972 /* MyPostVC.swift */,
				3BD63A032180B864007F5972 /* Cell */,
			);
			path = VC;
			sourceTree = "<group>";
		};
		3BD63A032180B864007F5972 /* Cell */ = {
			isa = PBXGroup;
			children = (
				3BD63A062180B88B007F5972 /* MyPostCVCell.swift */,
			);
			path = Cell;
			sourceTree = "<group>";
		};
		CC31AC4F217C8D3200A02388 = {
			isa = PBXGroup;
			children = (
				CC31AC5A217C8D3200A02388 /* DMZing */,
				CC31AC59217C8D3200A02388 /* Products */,
				F1B11E5619CD3B56E3788F8F /* Pods */,
				E102DB78A86903CD5A39D3A8 /* Frameworks */,
			);
			sourceTree = "<group>";
		};
		CC31AC59217C8D3200A02388 /* Products */ = {
			isa = PBXGroup;
			children = (
				CC31AC58217C8D3200A02388 /* DMZing.app */,
			);
			name = Products;
			sourceTree = "<group>";
		};
		CC31AC5A217C8D3200A02388 /* DMZing */ = {
			isa = PBXGroup;
			children = (
				CCB3CC9A218AF95B0033B9F9 /* Sign */,
				3BB05012217CAD330096BF4D /* SampleService */,
				3BB05007217CA9C70096BF4D /* Singleton */,
				3BB04FFE217CA63F0096BF4D /* Utility */,
				CC31AC70217C923800A02388 /* Mypage */,
				CC31AC6F217C923200A02388 /* Community */,
				CC31AC6E217C922A00A02388 /* Course */,
				CC31AC6D217C920500A02388 /* Main */,
				CC31AC5B217C8D3200A02388 /* AppDelegate.swift */,
				CC31AC62217C8D3600A02388 /* Assets.xcassets */,
				CC31AC64217C8D3600A02388 /* LaunchScreen.storyboard */,
				CC31AC67217C8D3600A02388 /* Info.plist */,
			);
			path = DMZing;
			sourceTree = "<group>";
		};
		CC31AC6D217C920500A02388 /* Main */ = {
			isa = PBXGroup;
			children = (
				CC31AC5F217C8D3200A02388 /* Main.storyboard */,
				CC31AC5D217C8D3200A02388 /* MainViewController.swift */,
				CC3D43BB2185A9F8003171C0 /* ThemeCollectionViewCell.swift */,
				3BD63A1F2185E308007F5972 /* MainCVCell.swift */,
			);
			path = Main;
			sourceTree = "<group>";
		};
		CC31AC6E217C922A00A02388 /* Course */ = {
			isa = PBXGroup;
			children = (
				22F3025B2195513B00152700 /* Storyboard */,
				22F3025A2195512C00152700 /* ViewController */,
			);
			path = Course;
			sourceTree = "<group>";
		};
		CC31AC6F217C923200A02388 /* Community */ = {
			isa = PBXGroup;
			children = (
				CC31AC73217C92AF00A02388 /* Community.storyboard */,
				3B6697C92198242F008789E3 /* ReviewMain */,
				3B6697CA21982434008789E3 /* ReviewDetail */,
				3B6697D0219824BB008789E3 /* ReviewContent */,
				3B6697CB21982436008789E3 /* WriteEntry */,
				3B6697C82198242D008789E3 /* WriteArticleReview */,
				3B6697DA21985C44008789E3 /* WritePhotoReview */,
			);
			path = Community;
			sourceTree = "<group>";
		};
		CC31AC70217C923800A02388 /* Mypage */ = {
			isa = PBXGroup;
			children = (
				3BD63A012180B850007F5972 /* Post */,
				CC31AC75217C92BD00A02388 /* Mypage.storyboard */,
				3B872CBB2180943D00498F97 /* CustomView.swift */,
				3B872CBD21809A0B00498F97 /* Main */,
				3B872CBE21809A1000498F97 /* Course */,
				3B872CC92180B0DD00498F97 /* Review */,
				3B872CD12180B3DF00498F97 /* DPPoint */,
			);
			path = Mypage;
			sourceTree = "<group>";
		};
		CCB3CC9A218AF95B0033B9F9 /* Sign */ = {
			isa = PBXGroup;
			children = (
				CCB3CC9B218AF97A0033B9F9 /* Sign.storyboard */,
				CCB3CC9D218AF9D40033B9F9 /* SignInViewController.swift */,
				CCB3CC9F218B01430033B9F9 /* SignUp1ViewController.swift */,
				CCB3CCA1218B035B0033B9F9 /* SignUp2ViewController.swift */,
				CCB3CCA3218B041B0033B9F9 /* SignUp3ViewController.swift */,
				CCB3CCA5218B061A0033B9F9 /* InitialViewController.swift */,
			);
			path = Sign;
			sourceTree = "<group>";
		};
		E102DB78A86903CD5A39D3A8 /* Frameworks */ = {
			isa = PBXGroup;
			children = (
				03429F00E6D01CE48BFFF5D1 /* Pods_DMZing.framework */,
			);
			name = Frameworks;
			sourceTree = "<group>";
		};
		F1B11E5619CD3B56E3788F8F /* Pods */ = {
			isa = PBXGroup;
			children = (
				FA082A16820F4FD6F8F63662 /* Pods-DMZing.debug.xcconfig */,
				31A78C13C32CCDE3112EE612 /* Pods-DMZing.release.xcconfig */,
				CBAA91FB15653A30BF8D6E25 /* Pods-DMZing.debug.xcconfig */,
				BEE318596B099D3958535472 /* Pods-DMZing.release.xcconfig */,
			);
			path = Pods;
			sourceTree = "<group>";
		};
/* End PBXGroup section */

/* Begin PBXNativeTarget section */
		CC31AC57217C8D3200A02388 /* DMZing */ = {
			isa = PBXNativeTarget;
			buildConfigurationList = CC31AC6A217C8D3600A02388 /* Build configuration list for PBXNativeTarget "DMZing" */;
			buildPhases = (
				F5BF7C7DFFE6288E27244881 /* [CP] Check Pods Manifest.lock */,
				CC31AC54217C8D3200A02388 /* Sources */,
				CC31AC55217C8D3200A02388 /* Frameworks */,
				CC31AC56217C8D3200A02388 /* Resources */,
				2821CA88CEE1379AF9D7DFE0 /* [CP] Embed Pods Frameworks */,
			);
			buildRules = (
			);
			dependencies = (
			);
			name = DMZing;
			productName = DMZing;
			productReference = CC31AC58217C8D3200A02388 /* DMZing.app */;
			productType = "com.apple.product-type.application";
		};
/* End PBXNativeTarget section */

/* Begin PBXProject section */
		CC31AC50217C8D3200A02388 /* Project object */ = {
			isa = PBXProject;
			attributes = {
				LastSwiftUpdateCheck = 0940;
				LastUpgradeCheck = 0940;
				ORGANIZATIONNAME = "장용범";
				TargetAttributes = {
					CC31AC57217C8D3200A02388 = {
						CreatedOnToolsVersion = 9.4.1;
						ProvisioningStyle = Automatic;
					};
				};
			};
			buildConfigurationList = CC31AC53217C8D3200A02388 /* Build configuration list for PBXProject "DMZing" */;
			compatibilityVersion = "Xcode 8.0";
			developmentRegion = en;
			hasScannedForEncodings = 0;
			knownRegions = (
				en,
				Base,
			);
			mainGroup = CC31AC4F217C8D3200A02388;
			productRefGroup = CC31AC59217C8D3200A02388 /* Products */;
			projectDirPath = "";
			projectRoot = "";
			targets = (
				CC31AC57217C8D3200A02388 /* DMZing */,
			);
		};
/* End PBXProject section */

/* Begin PBXResourcesBuildPhase section */
		CC31AC56217C8D3200A02388 /* Resources */ = {
			isa = PBXResourcesBuildPhase;
			buildActionMask = 2147483647;
			files = (
				3B80059A218B81340003EA5C /* PhotoReviewPopupView.xib in Resources */,
				3B80058A218B2D9E0003EA5C /* ReviewDetailHeaderView.xib in Resources */,
				CCB3CC9C218AF97A0033B9F9 /* Sign.storyboard in Resources */,
				CC31AC66217C8D3600A02388 /* LaunchScreen.storyboard in Resources */,
				CC31AC76217C92BD00A02388 /* Mypage.storyboard in Resources */,
				3B800582218B21560003EA5C /* PhotoReviewCVCell.xib in Resources */,
				3B800593218B56BC0003EA5C /* ArticleReviewCVCell.xib in Resources */,
				CC31AC72217C929000A02388 /* Course.storyboard in Resources */,
				CC31AC63217C8D3600A02388 /* Assets.xcassets in Resources */,
				CC31AC74217C92AF00A02388 /* Community.storyboard in Resources */,
				CC31AC61217C8D3200A02388 /* Main.storyboard in Resources */,
			);
			runOnlyForDeploymentPostprocessing = 0;
		};
/* End PBXResourcesBuildPhase section */

/* Begin PBXShellScriptBuildPhase section */
		2821CA88CEE1379AF9D7DFE0 /* [CP] Embed Pods Frameworks */ = {
			isa = PBXShellScriptBuildPhase;
			buildActionMask = 2147483647;
			files = (
			);
			inputPaths = (
				"${PODS_ROOT}/Target Support Files/Pods-DMZing/Pods-DMZing-frameworks.sh",
				"${BUILT_PRODUCTS_DIR}/Alamofire/Alamofire.framework",
				"${BUILT_PRODUCTS_DIR}/Kingfisher/Kingfisher.framework",
				"${BUILT_PRODUCTS_DIR}/LTScrollView/LTScrollView.framework",
				"${BUILT_PRODUCTS_DIR}/SnapKit/SnapKit.framework",
				"${BUILT_PRODUCTS_DIR}/SwiftyJSON/SwiftyJSON.framework",
			);
			name = "[CP] Embed Pods Frameworks";
			outputPaths = (
				"${TARGET_BUILD_DIR}/${FRAMEWORKS_FOLDER_PATH}/Alamofire.framework",
				"${TARGET_BUILD_DIR}/${FRAMEWORKS_FOLDER_PATH}/Kingfisher.framework",
				"${TARGET_BUILD_DIR}/${FRAMEWORKS_FOLDER_PATH}/LTScrollView.framework",
				"${TARGET_BUILD_DIR}/${FRAMEWORKS_FOLDER_PATH}/SnapKit.framework",
				"${TARGET_BUILD_DIR}/${FRAMEWORKS_FOLDER_PATH}/SwiftyJSON.framework",
			);
			runOnlyForDeploymentPostprocessing = 0;
			shellPath = /bin/sh;
			shellScript = "\"${PODS_ROOT}/Target Support Files/Pods-DMZing/Pods-DMZing-frameworks.sh\"\n";
			showEnvVarsInLog = 0;
		};
		F5BF7C7DFFE6288E27244881 /* [CP] Check Pods Manifest.lock */ = {
			isa = PBXShellScriptBuildPhase;
			buildActionMask = 2147483647;
			files = (
			);
			inputPaths = (
				"${PODS_PODFILE_DIR_PATH}/Podfile.lock",
				"${PODS_ROOT}/Manifest.lock",
			);
			name = "[CP] Check Pods Manifest.lock";
			outputPaths = (
				"$(DERIVED_FILE_DIR)/Pods-DMZing-checkManifestLockResult.txt",
			);
			runOnlyForDeploymentPostprocessing = 0;
			shellPath = /bin/sh;
			shellScript = "diff \"${PODS_PODFILE_DIR_PATH}/Podfile.lock\" \"${PODS_ROOT}/Manifest.lock\" > /dev/null\nif [ $? != 0 ] ; then\n    # print error to STDERR\n    echo \"error: The sandbox is not in sync with the Podfile.lock. Run 'pod install' or update your CocoaPods installation.\" >&2\n    exit 1\nfi\n# This output is used by Xcode 'outputs' to avoid re-running this script phase.\necho \"SUCCESS\" > \"${SCRIPT_OUTPUT_FILE_0}\"\n";
			showEnvVarsInLog = 0;
		};
/* End PBXShellScriptBuildPhase section */

/* Begin PBXSourcesBuildPhase section */
		CC31AC54217C8D3200A02388 /* Sources */ = {
			isa = PBXSourcesBuildPhase;
			buildActionMask = 2147483647;
			files = (
				3B872CB72180902700498F97 /* MypageVC.swift in Sources */,
				3B800595218B73650003EA5C /* ReviewMainCVCell.swift in Sources */,
				3B6697C721980BE6008789E3 /* MypageReviewService.swift in Sources */,
				3B6697D5219825D0008789E3 /* PostImageService.swift in Sources */,
				3B6697B92195A266008789E3 /* WriteArticleCVCell.swift in Sources */,
				3B8364F421946279000BD706 /* ReviewContentTVCell.swift in Sources */,
				3BB0501C217CAE1E0096BF4D /* SampleVO.swift in Sources */,
				3B79937F2199D09700DBF5B2 /* DefaultVO.swift in Sources */,
				3B872CCE2180B10A00498F97 /* MyReviewVC.swift in Sources */,
				3B80057C218B1FFA0003EA5C /* ReviewDetailVC.swift in Sources */,
				3BB05006217CA66F0096BF4D /* PostableWithPhoto.swift in Sources */,
				3B6697DC21985C5D008789E3 /* WritePhotoReviewVC.swift in Sources */,
				3B80057E218B206E0003EA5C /* ArticleReviewVC.swift in Sources */,
				3BD63A052180B873007F5972 /* MyPostVC.swift in Sources */,
				22F3025F2195518B00152700 /* MainMapCollectionViewCell.swift in Sources */,
				3B872CC421809C1700498F97 /* MyCourseTVCell.swift in Sources */,
				3B8364F7219490BF000BD706 /* ReviewContentCVCell.swift in Sources */,
				3B872CD72180B41800498F97 /* MyDPPointVC.swift in Sources */,
				CCB3CCA6218B061A0033B9F9 /* InitialViewController.swift in Sources */,
				CC31AC5E217C8D3200A02388 /* MainViewController.swift in Sources */,
				CCB3CC9E218AF9D40033B9F9 /* SignInViewController.swift in Sources */,
				3BB05004217CA6650096BF4D /* PostableService.swift in Sources */,
				CCB3CCA0218B01430033B9F9 /* SignUp1ViewController.swift in Sources */,
				3BA7ED392198AC2E00BAC493 /* ArticleStruct.swift in Sources */,
				3B6697B721959405008789E3 /* WriteArticleReviewVC.swift in Sources */,
				3BB05002217CA65D0096BF4D /* GettableService.swift in Sources */,
				3B7993832199E65800DBF5B2 /* GetPhotoReviewService.swift in Sources */,
				3B7993862199E6B400DBF5B2 /* PhotoReviewVO.swift in Sources */,
				3BB05011217CAC910096BF4D /* HttpResCode.swift in Sources */,
				3B872CBC2180943D00498F97 /* CustomView.swift in Sources */,
				3B872CD02180B12100498F97 /* MyReviewTVCell.swift in Sources */,
				3BB0500B217CAA410096BF4D /* Storyboard.swift in Sources */,
				3B800591218B55790003EA5C /* ArticleReviewCVCell.swift in Sources */,
				3BB0500D217CAA890096BF4D /* NetworkConfiguration.swift in Sources */,
				3BB0500F217CAAFC0096BF4D /* APIService.swift in Sources */,
				3B8364EE219425FB000BD706 /* WriteEntryVC.swift in Sources */,
				3B872CC121809A5500498F97 /* MyCourseVC.swift in Sources */,
				3B3A85CE2198836B00D1A835 /* MypageMainVO.swift in Sources */,
				22F3025D2195515F00152700 /* MainMapViewController.swift in Sources */,
				222EEC6C2198364D00FB15C6 /* PlaceInfoViewController.swift in Sources */,
				3BB05014217CAD6C0096BF4D /* Font.swift in Sources */,
				3B79938D219A9EEA00DBF5B2 /* ReviewMainVO.swift in Sources */,
				3B800588218B2AC40003EA5C /* ReviewDetailHeaderView.swift in Sources */,
				222EEC6A219828C800FB15C6 /* MapCoverViewController.swift in Sources */,
				222EEC6E2199BFE500FB15C6 /* CourseDetailViewController.swift in Sources */,
				3BB05018217CADEF0096BF4D /* PostSampleService.swift in Sources */,
				3B800584218B26D50003EA5C /* RoundShadowView.swift in Sources */,
				3BD63A072180B88B007F5972 /* MyPostCVCell.swift in Sources */,
				3B6697B121949DBA008789E3 /* WriteEntryTVCell.swift in Sources */,
				3B6697BF21980410008789E3 /* MypageMainService.swift in Sources */,
				3BB05016217CADE80096BF4D /* GetSampleService.swift in Sources */,
				3B800580218B213F0003EA5C /* PhotoReviewCVCell.swift in Sources */,
				3BB0501A217CADFA0096BF4D /* PhotoSampleService.swift in Sources */,
				3B800598218B81080003EA5C /* PhotoReviewPopupView.swift in Sources */,
				3B6697D7219825DB008789E3 /* PostArticleService.swift in Sources */,
				3B872CBA2180905000498F97 /* MyPageTVCell.swift in Sources */,
				3BB05000217CA6540096BF4D /* Extensions.swift in Sources */,
				3B8364F2219461EE000BD706 /* ReviewContentVC.swift in Sources */,
				3B79938A219A9EDF00DBF5B2 /* GetReviewMainService.swift in Sources */,
				CC31AC5C217C8D3200A02388 /* AppDelegate.swift in Sources */,
				3B872CD52180B40900498F97 /* MyDPPointTVCell.swift in Sources */,
				3B80058F218B54F10003EA5C /* ReviewMainVC.swift in Sources */,
				3B6697C521980BB2008789E3 /* MypageReviewVO.swift in Sources */,
				3BA7ED352198933B00BAC493 /* Gallery.swift in Sources */,
				CC3D43BC2185A9F8003171C0 /* ThemeCollectionViewCell.swift in Sources */,
				3B6697D92198275F008789E3 /* PostImageVO.swift in Sources */,
				CCB3CCA4218B041B0033B9F9 /* SignUp3ViewController.swift in Sources */,
				CCB3CCA2218B035B0033B9F9 /* SignUp2ViewController.swift in Sources */,
				3BB05009217CA9D20096BF4D /* ColorChip.swift in Sources */,
				3B800572218B1F160003EA5C /* PhotoReviewVC.swift in Sources */,
				3B79937D2199CFD100DBF5B2 /* WritePhotoReviewService.swift in Sources */,
				3BD63A202185E308007F5972 /* MainCVCell.swift in Sources */,
			);
			runOnlyForDeploymentPostprocessing = 0;
		};
/* End PBXSourcesBuildPhase section */

/* Begin PBXVariantGroup section */
		CC31AC5F217C8D3200A02388 /* Main.storyboard */ = {
			isa = PBXVariantGroup;
			children = (
				CC31AC60217C8D3200A02388 /* Base */,
			);
			name = Main.storyboard;
			sourceTree = "<group>";
		};
		CC31AC64217C8D3600A02388 /* LaunchScreen.storyboard */ = {
			isa = PBXVariantGroup;
			children = (
				CC31AC65217C8D3600A02388 /* Base */,
			);
			name = LaunchScreen.storyboard;
			sourceTree = "<group>";
		};
/* End PBXVariantGroup section */

/* Begin XCBuildConfiguration section */
		CC31AC68217C8D3600A02388 /* Debug */ = {
			isa = XCBuildConfiguration;
			buildSettings = {
				ALWAYS_SEARCH_USER_PATHS = NO;
				CLANG_ANALYZER_NONNULL = YES;
				CLANG_ANALYZER_NUMBER_OBJECT_CONVERSION = YES_AGGRESSIVE;
				CLANG_CXX_LANGUAGE_STANDARD = "gnu++14";
				CLANG_CXX_LIBRARY = "libc++";
				CLANG_ENABLE_MODULES = YES;
				CLANG_ENABLE_OBJC_ARC = YES;
				CLANG_ENABLE_OBJC_WEAK = YES;
				CLANG_WARN_BLOCK_CAPTURE_AUTORELEASING = YES;
				CLANG_WARN_BOOL_CONVERSION = YES;
				CLANG_WARN_COMMA = YES;
				CLANG_WARN_CONSTANT_CONVERSION = YES;
				CLANG_WARN_DEPRECATED_OBJC_IMPLEMENTATIONS = YES;
				CLANG_WARN_DIRECT_OBJC_ISA_USAGE = YES_ERROR;
				CLANG_WARN_DOCUMENTATION_COMMENTS = YES;
				CLANG_WARN_EMPTY_BODY = YES;
				CLANG_WARN_ENUM_CONVERSION = YES;
				CLANG_WARN_INFINITE_RECURSION = YES;
				CLANG_WARN_INT_CONVERSION = YES;
				CLANG_WARN_NON_LITERAL_NULL_CONVERSION = YES;
				CLANG_WARN_OBJC_IMPLICIT_RETAIN_SELF = YES;
				CLANG_WARN_OBJC_LITERAL_CONVERSION = YES;
				CLANG_WARN_OBJC_ROOT_CLASS = YES_ERROR;
				CLANG_WARN_RANGE_LOOP_ANALYSIS = YES;
				CLANG_WARN_STRICT_PROTOTYPES = YES;
				CLANG_WARN_SUSPICIOUS_MOVE = YES;
				CLANG_WARN_UNGUARDED_AVAILABILITY = YES_AGGRESSIVE;
				CLANG_WARN_UNREACHABLE_CODE = YES;
				CLANG_WARN__DUPLICATE_METHOD_MATCH = YES;
				CODE_SIGN_IDENTITY = "iPhone Developer";
				COPY_PHASE_STRIP = NO;
				DEBUG_INFORMATION_FORMAT = dwarf;
				ENABLE_STRICT_OBJC_MSGSEND = YES;
				ENABLE_TESTABILITY = YES;
				GCC_C_LANGUAGE_STANDARD = gnu11;
				GCC_DYNAMIC_NO_PIC = NO;
				GCC_NO_COMMON_BLOCKS = YES;
				GCC_OPTIMIZATION_LEVEL = 0;
				GCC_PREPROCESSOR_DEFINITIONS = (
					"DEBUG=1",
					"$(inherited)",
				);
				GCC_WARN_64_TO_32_BIT_CONVERSION = YES;
				GCC_WARN_ABOUT_RETURN_TYPE = YES_ERROR;
				GCC_WARN_UNDECLARED_SELECTOR = YES;
				GCC_WARN_UNINITIALIZED_AUTOS = YES_AGGRESSIVE;
				GCC_WARN_UNUSED_FUNCTION = YES;
				GCC_WARN_UNUSED_VARIABLE = YES;
				IPHONEOS_DEPLOYMENT_TARGET = 11.4;
				MTL_ENABLE_DEBUG_INFO = YES;
				ONLY_ACTIVE_ARCH = YES;
				SDKROOT = iphoneos;
				SWIFT_ACTIVE_COMPILATION_CONDITIONS = DEBUG;
				SWIFT_OPTIMIZATION_LEVEL = "-Onone";
			};
			name = Debug;
		};
		CC31AC69217C8D3600A02388 /* Release */ = {
			isa = XCBuildConfiguration;
			buildSettings = {
				ALWAYS_SEARCH_USER_PATHS = NO;
				CLANG_ANALYZER_NONNULL = YES;
				CLANG_ANALYZER_NUMBER_OBJECT_CONVERSION = YES_AGGRESSIVE;
				CLANG_CXX_LANGUAGE_STANDARD = "gnu++14";
				CLANG_CXX_LIBRARY = "libc++";
				CLANG_ENABLE_MODULES = YES;
				CLANG_ENABLE_OBJC_ARC = YES;
				CLANG_ENABLE_OBJC_WEAK = YES;
				CLANG_WARN_BLOCK_CAPTURE_AUTORELEASING = YES;
				CLANG_WARN_BOOL_CONVERSION = YES;
				CLANG_WARN_COMMA = YES;
				CLANG_WARN_CONSTANT_CONVERSION = YES;
				CLANG_WARN_DEPRECATED_OBJC_IMPLEMENTATIONS = YES;
				CLANG_WARN_DIRECT_OBJC_ISA_USAGE = YES_ERROR;
				CLANG_WARN_DOCUMENTATION_COMMENTS = YES;
				CLANG_WARN_EMPTY_BODY = YES;
				CLANG_WARN_ENUM_CONVERSION = YES;
				CLANG_WARN_INFINITE_RECURSION = YES;
				CLANG_WARN_INT_CONVERSION = YES;
				CLANG_WARN_NON_LITERAL_NULL_CONVERSION = YES;
				CLANG_WARN_OBJC_IMPLICIT_RETAIN_SELF = YES;
				CLANG_WARN_OBJC_LITERAL_CONVERSION = YES;
				CLANG_WARN_OBJC_ROOT_CLASS = YES_ERROR;
				CLANG_WARN_RANGE_LOOP_ANALYSIS = YES;
				CLANG_WARN_STRICT_PROTOTYPES = YES;
				CLANG_WARN_SUSPICIOUS_MOVE = YES;
				CLANG_WARN_UNGUARDED_AVAILABILITY = YES_AGGRESSIVE;
				CLANG_WARN_UNREACHABLE_CODE = YES;
				CLANG_WARN__DUPLICATE_METHOD_MATCH = YES;
				CODE_SIGN_IDENTITY = "iPhone Developer";
				COPY_PHASE_STRIP = NO;
				DEBUG_INFORMATION_FORMAT = "dwarf-with-dsym";
				ENABLE_NS_ASSERTIONS = NO;
				ENABLE_STRICT_OBJC_MSGSEND = YES;
				GCC_C_LANGUAGE_STANDARD = gnu11;
				GCC_NO_COMMON_BLOCKS = YES;
				GCC_WARN_64_TO_32_BIT_CONVERSION = YES;
				GCC_WARN_ABOUT_RETURN_TYPE = YES_ERROR;
				GCC_WARN_UNDECLARED_SELECTOR = YES;
				GCC_WARN_UNINITIALIZED_AUTOS = YES_AGGRESSIVE;
				GCC_WARN_UNUSED_FUNCTION = YES;
				GCC_WARN_UNUSED_VARIABLE = YES;
				IPHONEOS_DEPLOYMENT_TARGET = 11.4;
				MTL_ENABLE_DEBUG_INFO = NO;
				SDKROOT = iphoneos;
				SWIFT_OPTIMIZATION_LEVEL = "-Owholemodule";
				VALIDATE_PRODUCT = YES;
			};
			name = Release;
		};
		CC31AC6B217C8D3600A02388 /* Debug */ = {
			isa = XCBuildConfiguration;
			baseConfigurationReference = FA082A16820F4FD6F8F63662 /* Pods-DMZing.debug.xcconfig */;
			buildSettings = {
				ASSETCATALOG_COMPILER_APPICON_NAME = AppIcon;
				CODE_SIGN_STYLE = Automatic;
				DEVELOPMENT_TEAM = Y4XABUQ539;
				INFOPLIST_FILE = DMZing/Info.plist;
				IPHONEOS_DEPLOYMENT_TARGET = 11.2;
				LD_RUNPATH_SEARCH_PATHS = "$(inherited) @executable_path/Frameworks";
				PRODUCT_BUNDLE_IDENTIFIER = hi.com.DMZing;
				PRODUCT_NAME = "$(TARGET_NAME)";
				SWIFT_VERSION = 4.0;
				TARGETED_DEVICE_FAMILY = "1,2";
			};
			name = Debug;
		};
		CC31AC6C217C8D3600A02388 /* Release */ = {
			isa = XCBuildConfiguration;
			baseConfigurationReference = 31A78C13C32CCDE3112EE612 /* Pods-DMZing.release.xcconfig */;
			buildSettings = {
				ASSETCATALOG_COMPILER_APPICON_NAME = AppIcon;
				CODE_SIGN_STYLE = Automatic;
				DEVELOPMENT_TEAM = Y4XABUQ539;
				INFOPLIST_FILE = DMZing/Info.plist;
				IPHONEOS_DEPLOYMENT_TARGET = 11.2;
				LD_RUNPATH_SEARCH_PATHS = "$(inherited) @executable_path/Frameworks";
				PRODUCT_BUNDLE_IDENTIFIER = hi.com.DMZing;
				PRODUCT_NAME = "$(TARGET_NAME)";
				SWIFT_VERSION = 4.0;
				TARGETED_DEVICE_FAMILY = "1,2";
			};
			name = Release;
		};
/* End XCBuildConfiguration section */

/* Begin XCConfigurationList section */
		CC31AC53217C8D3200A02388 /* Build configuration list for PBXProject "DMZing" */ = {
			isa = XCConfigurationList;
			buildConfigurations = (
				CC31AC68217C8D3600A02388 /* Debug */,
				CC31AC69217C8D3600A02388 /* Release */,
			);
			defaultConfigurationIsVisible = 0;
			defaultConfigurationName = Release;
		};
		CC31AC6A217C8D3600A02388 /* Build configuration list for PBXNativeTarget "DMZing" */ = {
			isa = XCConfigurationList;
			buildConfigurations = (
				CC31AC6B217C8D3600A02388 /* Debug */,
				CC31AC6C217C8D3600A02388 /* Release */,
			);
			defaultConfigurationIsVisible = 0;
			defaultConfigurationName = Release;
		};
/* End XCConfigurationList section */
	};
	rootObject = CC31AC50217C8D3200A02388 /* Project object */;
}
